// !$*UTF8*$!
{
	archiveVersion = 1;
	classes = {
	};
	objectVersion = 56;
	objects = {

/* Begin PBXBuildFile section */
		103E20882D92FA9600C80A0D /* EndGameViewController.swift in Sources */ = {isa = PBXBuildFile; fileRef = 103E20872D92FA9600C80A0D /* EndGameViewController.swift */; };
		1063B61F2D92AAE100092807 /* GameViewController.swift in Sources */ = {isa = PBXBuildFile; fileRef = 1063B61E2D92AAE100092807 /* GameViewController.swift */; };
		4E29CED12D95885C0000BBB9 /* HighScoreViewController1.swift in Sources */ = {isa = PBXBuildFile; fileRef = 4E29CED02D95885C0000BBB9 /* HighScoreViewController1.swift */; };
		4EE638DA2D929E4A001712A1 /* AppDelegate.swift in Sources */ = {isa = PBXBuildFile; fileRef = 4EE638D92D929E4A001712A1 /* AppDelegate.swift */; };
		4EE638DC2D929E4A001712A1 /* SceneDelegate.swift in Sources */ = {isa = PBXBuildFile; fileRef = 4EE638DB2D929E4A001712A1 /* SceneDelegate.swift */; };
		4EE638DE2D929E4A001712A1 /* ViewController.swift in Sources */ = {isa = PBXBuildFile; fileRef = 4EE638DD2D929E4A001712A1 /* ViewController.swift */; };
		4EE638E12D929E4A001712A1 /* Main.storyboard in Resources */ = {isa = PBXBuildFile; fileRef = 4EE638DF2D929E4A001712A1 /* Main.storyboard */; };
		4EE638E32D929E4D001712A1 /* Assets.xcassets in Resources */ = {isa = PBXBuildFile; fileRef = 4EE638E22D929E4D001712A1 /* Assets.xcassets */; };
		4EE638E62D929E4D001712A1 /* LaunchScreen.storyboard in Resources */ = {isa = PBXBuildFile; fileRef = 4EE638E42D929E4D001712A1 /* LaunchScreen.storyboard */; };
		4EE638F12D929E4E001712A1 /* WordGameTests.swift in Sources */ = {isa = PBXBuildFile; fileRef = 4EE638F02D929E4E001712A1 /* WordGameTests.swift */; };
		4EE638FB2D929E4E001712A1 /* WordGameUITests.swift in Sources */ = {isa = PBXBuildFile; fileRef = 4EE638FA2D929E4E001712A1 /* WordGameUITests.swift */; };
		4EE638FD2D929E4E001712A1 /* WordGameUITestsLaunchTests.swift in Sources */ = {isa = PBXBuildFile; fileRef = 4EE638FC2D929E4E001712A1 /* WordGameUITestsLaunchTests.swift */; };
		4EE639142D92CFF1001712A1 /* wordPair.swift in Sources */ = {isa = PBXBuildFile; fileRef = 4EE639132D92CFF1001712A1 /* wordPair.swift */; };
		D72819822D9419860017CD6F /* HighScoreViewController.swift in Sources */ = {isa = PBXBuildFile; fileRef = D72819812D9419860017CD6F /* HighScoreViewController.swift */; };
		D7EFA26C2D94C20E0079ACC2 /* HighScore.swift in Sources */ = {isa = PBXBuildFile; fileRef = D7EFA26A2D94BC7A0079ACC2 /* HighScore.swift */; };
/* End PBXBuildFile section */

/* Begin PBXContainerItemProxy section */
		4EE638ED2D929E4E001712A1 /* PBXContainerItemProxy */ = {
			isa = PBXContainerItemProxy;
			containerPortal = 4EE638CE2D929E4A001712A1 /* Project object */;
			proxyType = 1;
			remoteGlobalIDString = 4EE638D52D929E4A001712A1;
			remoteInfo = WordGame;
		};
		4EE638F72D929E4E001712A1 /* PBXContainerItemProxy */ = {
			isa = PBXContainerItemProxy;
			containerPortal = 4EE638CE2D929E4A001712A1 /* Project object */;
			proxyType = 1;
			remoteGlobalIDString = 4EE638D52D929E4A001712A1;
			remoteInfo = WordGame;
		};
/* End PBXContainerItemProxy section */

/* Begin PBXFileReference section */
		103E20872D92FA9600C80A0D /* EndGameViewController.swift */ = {isa = PBXFileReference; lastKnownFileType = sourcecode.swift; path = EndGameViewController.swift; sourceTree = "<group>"; };
		1063B61E2D92AAE100092807 /* GameViewController.swift */ = {isa = PBXFileReference; lastKnownFileType = sourcecode.swift; path = GameViewController.swift; sourceTree = "<group>"; };
		4E29CED02D95885C0000BBB9 /* HighScoreViewController1.swift */ = {isa = PBXFileReference; lastKnownFileType = sourcecode.swift; path = HighScoreViewController1.swift; sourceTree = "<group>"; };
		4EE638D62D929E4A001712A1 /* WordGame.app */ = {isa = PBXFileReference; explicitFileType = wrapper.application; includeInIndex = 0; path = WordGame.app; sourceTree = BUILT_PRODUCTS_DIR; };
		4EE638D92D929E4A001712A1 /* AppDelegate.swift */ = {isa = PBXFileReference; lastKnownFileType = sourcecode.swift; path = AppDelegate.swift; sourceTree = "<group>"; };
		4EE638DB2D929E4A001712A1 /* SceneDelegate.swift */ = {isa = PBXFileReference; lastKnownFileType = sourcecode.swift; path = SceneDelegate.swift; sourceTree = "<group>"; };
		4EE638DD2D929E4A001712A1 /* ViewController.swift */ = {isa = PBXFileReference; lastKnownFileType = sourcecode.swift; path = ViewController.swift; sourceTree = "<group>"; };
		4EE638E02D929E4A001712A1 /* Base */ = {isa = PBXFileReference; lastKnownFileType = file.storyboard; name = Base; path = Base.lproj/Main.storyboard; sourceTree = "<group>"; };
		4EE638E22D929E4D001712A1 /* Assets.xcassets */ = {isa = PBXFileReference; lastKnownFileType = folder.assetcatalog; path = Assets.xcassets; sourceTree = "<group>"; };
		4EE638E52D929E4D001712A1 /* Base */ = {isa = PBXFileReference; lastKnownFileType = file.storyboard; name = Base; path = Base.lproj/LaunchScreen.storyboard; sourceTree = "<group>"; };
		4EE638E72D929E4D001712A1 /* Info.plist */ = {isa = PBXFileReference; lastKnownFileType = text.plist.xml; path = Info.plist; sourceTree = "<group>"; };
		4EE638EC2D929E4E001712A1 /* WordGameTests.xctest */ = {isa = PBXFileReference; explicitFileType = wrapper.cfbundle; includeInIndex = 0; path = WordGameTests.xctest; sourceTree = BUILT_PRODUCTS_DIR; };
		4EE638F02D929E4E001712A1 /* WordGameTests.swift */ = {isa = PBXFileReference; lastKnownFileType = sourcecode.swift; path = WordGameTests.swift; sourceTree = "<group>"; };
		4EE638F62D929E4E001712A1 /* WordGameUITests.xctest */ = {isa = PBXFileReference; explicitFileType = wrapper.cfbundle; includeInIndex = 0; path = WordGameUITests.xctest; sourceTree = BUILT_PRODUCTS_DIR; };
		4EE638FA2D929E4E001712A1 /* WordGameUITests.swift */ = {isa = PBXFileReference; lastKnownFileType = sourcecode.swift; path = WordGameUITests.swift; sourceTree = "<group>"; };
		4EE638FC2D929E4E001712A1 /* WordGameUITestsLaunchTests.swift */ = {isa = PBXFileReference; lastKnownFileType = sourcecode.swift; path = WordGameUITestsLaunchTests.swift; sourceTree = "<group>"; };
		4EE639132D92CFF1001712A1 /* wordPair.swift */ = {isa = PBXFileReference; lastKnownFileType = sourcecode.swift; path = wordPair.swift; sourceTree = "<group>"; };
		D72819812D9419860017CD6F /* HighScoreViewController.swift */ = {isa = PBXFileReference; lastKnownFileType = sourcecode.swift; path = HighScoreViewController.swift; sourceTree = "<group>"; };
		D7EFA26A2D94BC7A0079ACC2 /* HighScore.swift */ = {isa = PBXFileReference; lastKnownFileType = sourcecode.swift; path = HighScore.swift; sourceTree = "<group>"; };
/* End PBXFileReference section */

/* Begin PBXFrameworksBuildPhase section */
		4EE638D32D929E4A001712A1 /* Frameworks */ = {
			isa = PBXFrameworksBuildPhase;
			buildActionMask = 2147483647;
			files = (
			);
			runOnlyForDeploymentPostprocessing = 0;
		};
		4EE638E92D929E4E001712A1 /* Frameworks */ = {
			isa = PBXFrameworksBuildPhase;
			buildActionMask = 2147483647;
			files = (
			);
			runOnlyForDeploymentPostprocessing = 0;
		};
		4EE638F32D929E4E001712A1 /* Frameworks */ = {
			isa = PBXFrameworksBuildPhase;
			buildActionMask = 2147483647;
			files = (
			);
			runOnlyForDeploymentPostprocessing = 0;
		};
/* End PBXFrameworksBuildPhase section */

/* Begin PBXGroup section */
		4EE638CD2D929E4A001712A1 = {
			isa = PBXGroup;
			children = (
				4EE638D82D929E4A001712A1 /* WordGame */,
				4EE638EF2D929E4E001712A1 /* WordGameTests */,
				4EE638F92D929E4E001712A1 /* WordGameUITests */,
				4EE638D72D929E4A001712A1 /* Products */,
			);
			sourceTree = "<group>";
		};
		4EE638D72D929E4A001712A1 /* Products */ = {
			isa = PBXGroup;
			children = (
				4EE638D62D929E4A001712A1 /* WordGame.app */,
				4EE638EC2D929E4E001712A1 /* WordGameTests.xctest */,
				4EE638F62D929E4E001712A1 /* WordGameUITests.xctest */,
			);
			name = Products;
			sourceTree = "<group>";
		};
		4EE638D82D929E4A001712A1 /* WordGame */ = {
			isa = PBXGroup;
			children = (
				4EE638D92D929E4A001712A1 /* AppDelegate.swift */,
				4EE638DB2D929E4A001712A1 /* SceneDelegate.swift */,
				4EE638DD2D929E4A001712A1 /* ViewController.swift */,
				4EE638DF2D929E4A001712A1 /* Main.storyboard */,
				D72819812D9419860017CD6F /* HighScoreViewController.swift */,
				4EE638E22D929E4D001712A1 /* Assets.xcassets */,
				4EE638E42D929E4D001712A1 /* LaunchScreen.storyboard */,
				4EE638E72D929E4D001712A1 /* Info.plist */,
				1063B61E2D92AAE100092807 /* GameViewController.swift */,
				4EE639132D92CFF1001712A1 /* wordPair.swift */,
				103E20872D92FA9600C80A0D /* EndGameViewController.swift */,
				D7EFA26A2D94BC7A0079ACC2 /* HighScore.swift */,
				4E29CED02D95885C0000BBB9 /* HighScoreViewController1.swift */,
			);
			path = WordGame;
			sourceTree = "<group>";
		};
		4EE638EF2D929E4E001712A1 /* WordGameTests */ = {
			isa = PBXGroup;
			children = (
				4EE638F02D929E4E001712A1 /* WordGameTests.swift */,
			);
			path = WordGameTests;
			sourceTree = "<group>";
		};
		4EE638F92D929E4E001712A1 /* WordGameUITests */ = {
			isa = PBXGroup;
			children = (
				4EE638FA2D929E4E001712A1 /* WordGameUITests.swift */,
				4EE638FC2D929E4E001712A1 /* WordGameUITestsLaunchTests.swift */,
			);
			path = WordGameUITests;
			sourceTree = "<group>";
		};
/* End PBXGroup section */

/* Begin PBXNativeTarget section */
		4EE638D52D929E4A001712A1 /* WordGame */ = {
			isa = PBXNativeTarget;
			buildConfigurationList = 4EE639002D929E4E001712A1 /* Build configuration list for PBXNativeTarget "WordGame" */;
			buildPhases = (
				4EE638D22D929E4A001712A1 /* Sources */,
				4EE638D32D929E4A001712A1 /* Frameworks */,
				4EE638D42D929E4A001712A1 /* Resources */,
			);
			buildRules = (
			);
			dependencies = (
			);
			name = WordGame;
			productName = WordGame;
			productReference = 4EE638D62D929E4A001712A1 /* WordGame.app */;
			productType = "com.apple.product-type.application";
		};
		4EE638EB2D929E4E001712A1 /* WordGameTests */ = {
			isa = PBXNativeTarget;
			buildConfigurationList = 4EE639032D929E4E001712A1 /* Build configuration list for PBXNativeTarget "WordGameTests" */;
			buildPhases = (
				4EE638E82D929E4E001712A1 /* Sources */,
				4EE638E92D929E4E001712A1 /* Frameworks */,
				4EE638EA2D929E4E001712A1 /* Resources */,
			);
			buildRules = (
			);
			dependencies = (
				4EE638EE2D929E4E001712A1 /* PBXTargetDependency */,
			);
			name = WordGameTests;
			productName = WordGameTests;
			productReference = 4EE638EC2D929E4E001712A1 /* WordGameTests.xctest */;
			productType = "com.apple.product-type.bundle.unit-test";
		};
		4EE638F52D929E4E001712A1 /* WordGameUITests */ = {
			isa = PBXNativeTarget;
			buildConfigurationList = 4EE639062D929E4E001712A1 /* Build configuration list for PBXNativeTarget "WordGameUITests" */;
			buildPhases = (
				4EE638F22D929E4E001712A1 /* Sources */,
				4EE638F32D929E4E001712A1 /* Frameworks */,
				4EE638F42D929E4E001712A1 /* Resources */,
			);
			buildRules = (
			);
			dependencies = (
				4EE638F82D929E4E001712A1 /* PBXTargetDependency */,
			);
			name = WordGameUITests;
			productName = WordGameUITests;
			productReference = 4EE638F62D929E4E001712A1 /* WordGameUITests.xctest */;
			productType = "com.apple.product-type.bundle.ui-testing";
		};
/* End PBXNativeTarget section */

/* Begin PBXProject section */
		4EE638CE2D929E4A001712A1 /* Project object */ = {
			isa = PBXProject;
			attributes = {
				BuildIndependentTargetsInParallel = 1;
				LastSwiftUpdateCheck = 1420;
				LastUpgradeCheck = 1420;
				TargetAttributes = {
					4EE638D52D929E4A001712A1 = {
						CreatedOnToolsVersion = 14.2;
					};
					4EE638EB2D929E4E001712A1 = {
						CreatedOnToolsVersion = 14.2;
						TestTargetID = 4EE638D52D929E4A001712A1;
					};
					4EE638F52D929E4E001712A1 = {
						CreatedOnToolsVersion = 14.2;
						TestTargetID = 4EE638D52D929E4A001712A1;
					};
				};
			};
			buildConfigurationList = 4EE638D12D929E4A001712A1 /* Build configuration list for PBXProject "WordGame" */;
			compatibilityVersion = "Xcode 14.0";
			developmentRegion = en;
			hasScannedForEncodings = 0;
			knownRegions = (
				en,
				Base,
			);
			mainGroup = 4EE638CD2D929E4A001712A1;
			productRefGroup = 4EE638D72D929E4A001712A1 /* Products */;
			projectDirPath = "";
			projectRoot = "";
			targets = (
				4EE638D52D929E4A001712A1 /* WordGame */,
				4EE638EB2D929E4E001712A1 /* WordGameTests */,
				4EE638F52D929E4E001712A1 /* WordGameUITests */,
			);
		};
/* End PBXProject section */

/* Begin PBXResourcesBuildPhase section */
		4EE638D42D929E4A001712A1 /* Resources */ = {
			isa = PBXResourcesBuildPhase;
			buildActionMask = 2147483647;
			files = (
				4EE638E62D929E4D001712A1 /* LaunchScreen.storyboard in Resources */,
				4EE638E32D929E4D001712A1 /* Assets.xcassets in Resources */,
				4EE638E12D929E4A001712A1 /* Main.storyboard in Resources */,
			);
			runOnlyForDeploymentPostprocessing = 0;
		};
		4EE638EA2D929E4E001712A1 /* Resources */ = {
			isa = PBXResourcesBuildPhase;
			buildActionMask = 2147483647;
			files = (
			);
			runOnlyForDeploymentPostprocessing = 0;
		};
		4EE638F42D929E4E001712A1 /* Resources */ = {
			isa = PBXResourcesBuildPhase;
			buildActionMask = 2147483647;
			files = (
			);
			runOnlyForDeploymentPostprocessing = 0;
		};
/* End PBXResourcesBuildPhase section */

/* Begin PBXSourcesBuildPhase section */
		4EE638D22D929E4A001712A1 /* Sources */ = {
			isa = PBXSourcesBuildPhase;
			buildActionMask = 2147483647;
			files = (
				1063B61F2D92AAE100092807 /* GameViewController.swift in Sources */,
				D72819822D9419860017CD6F /* HighScoreViewController.swift in Sources */,
				4EE639142D92CFF1001712A1 /* wordPair.swift in Sources */,
				103E20882D92FA9600C80A0D /* EndGameViewController.swift in Sources */,
				4E29CED12D95885C0000BBB9 /* HighScoreViewController1.swift in Sources */,
				4EE638DE2D929E4A001712A1 /* ViewController.swift in Sources */,
				4EE638DA2D929E4A001712A1 /* AppDelegate.swift in Sources */,
				D7EFA26C2D94C20E0079ACC2 /* HighScore.swift in Sources */,
				4EE638DC2D929E4A001712A1 /* SceneDelegate.swift in Sources */,
			);
			runOnlyForDeploymentPostprocessing = 0;
		};
		4EE638E82D929E4E001712A1 /* Sources */ = {
			isa = PBXSourcesBuildPhase;
			buildActionMask = 2147483647;
			files = (
				4EE638F12D929E4E001712A1 /* WordGameTests.swift in Sources */,
			);
			runOnlyForDeploymentPostprocessing = 0;
		};
		4EE638F22D929E4E001712A1 /* Sources */ = {
			isa = PBXSourcesBuildPhase;
			buildActionMask = 2147483647;
			files = (
				4EE638FD2D929E4E001712A1 /* WordGameUITestsLaunchTests.swift in Sources */,
				4EE638FB2D929E4E001712A1 /* WordGameUITests.swift in Sources */,
			);
			runOnlyForDeploymentPostprocessing = 0;
		};
/* End PBXSourcesBuildPhase section */

/* Begin PBXTargetDependency section */
		4EE638EE2D929E4E001712A1 /* PBXTargetDependency */ = {
			isa = PBXTargetDependency;
			target = 4EE638D52D929E4A001712A1 /* WordGame */;
			targetProxy = 4EE638ED2D929E4E001712A1 /* PBXContainerItemProxy */;
		};
		4EE638F82D929E4E001712A1 /* PBXTargetDependency */ = {
			isa = PBXTargetDependency;
			target = 4EE638D52D929E4A001712A1 /* WordGame */;
			targetProxy = 4EE638F72D929E4E001712A1 /* PBXContainerItemProxy */;
		};
/* End PBXTargetDependency section */

/* Begin PBXVariantGroup section */
		4EE638DF2D929E4A001712A1 /* Main.storyboard */ = {
			isa = PBXVariantGroup;
			children = (
				4EE638E02D929E4A001712A1 /* Base */,
			);
			name = Main.storyboard;
			sourceTree = "<group>";
		};
		4EE638E42D929E4D001712A1 /* LaunchScreen.storyboard */ = {
			isa = PBXVariantGroup;
			children = (
				4EE638E52D929E4D001712A1 /* Base */,
			);
			name = LaunchScreen.storyboard;
			sourceTree = "<group>";
		};
/* End PBXVariantGroup section */

/* Begin XCBuildConfiguration section */
		4EE638FE2D929E4E001712A1 /* Debug */ = {
			isa = XCBuildConfiguration;
			buildSettings = {
				ALWAYS_SEARCH_USER_PATHS = NO;
				CLANG_ANALYZER_NONNULL = YES;
				CLANG_ANALYZER_NUMBER_OBJECT_CONVERSION = YES_AGGRESSIVE;
				CLANG_CXX_LANGUAGE_STANDARD = "gnu++20";
				CLANG_ENABLE_MODULES = YES;
				CLANG_ENABLE_OBJC_ARC = YES;
				CLANG_ENABLE_OBJC_WEAK = YES;
				CLANG_WARN_BLOCK_CAPTURE_AUTORELEASING = YES;
				CLANG_WARN_BOOL_CONVERSION = YES;
				CLANG_WARN_COMMA = YES;
				CLANG_WARN_CONSTANT_CONVERSION = YES;
				CLANG_WARN_DEPRECATED_OBJC_IMPLEMENTATIONS = YES;
				CLANG_WARN_DIRECT_OBJC_ISA_USAGE = YES_ERROR;
				CLANG_WARN_DOCUMENTATION_COMMENTS = YES;
				CLANG_WARN_EMPTY_BODY = YES;
				CLANG_WARN_ENUM_CONVERSION = YES;
				CLANG_WARN_INFINITE_RECURSION = YES;
				CLANG_WARN_INT_CONVERSION = YES;
				CLANG_WARN_NON_LITERAL_NULL_CONVERSION = YES;
				CLANG_WARN_OBJC_IMPLICIT_RETAIN_SELF = YES;
				CLANG_WARN_OBJC_LITERAL_CONVERSION = YES;
				CLANG_WARN_OBJC_ROOT_CLASS = YES_ERROR;
				CLANG_WARN_QUOTED_INCLUDE_IN_FRAMEWORK_HEADER = YES;
				CLANG_WARN_RANGE_LOOP_ANALYSIS = YES;
				CLANG_WARN_STRICT_PROTOTYPES = YES;
				CLANG_WARN_SUSPICIOUS_MOVE = YES;
				CLANG_WARN_UNGUARDED_AVAILABILITY = YES_AGGRESSIVE;
				CLANG_WARN_UNREACHABLE_CODE = YES;
				CLANG_WARN__DUPLICATE_METHOD_MATCH = YES;
				COPY_PHASE_STRIP = NO;
				DEBUG_INFORMATION_FORMAT = dwarf;
				ENABLE_STRICT_OBJC_MSGSEND = YES;
				ENABLE_TESTABILITY = YES;
				GCC_C_LANGUAGE_STANDARD = gnu11;
				GCC_DYNAMIC_NO_PIC = NO;
				GCC_NO_COMMON_BLOCKS = YES;
				GCC_OPTIMIZATION_LEVEL = 0;
				GCC_PREPROCESSOR_DEFINITIONS = (
					"DEBUG=1",
					"$(inherited)",
				);
				GCC_WARN_64_TO_32_BIT_CONVERSION = YES;
				GCC_WARN_ABOUT_RETURN_TYPE = YES_ERROR;
				GCC_WARN_UNDECLARED_SELECTOR = YES;
				GCC_WARN_UNINITIALIZED_AUTOS = YES_AGGRESSIVE;
				GCC_WARN_UNUSED_FUNCTION = YES;
				GCC_WARN_UNUSED_VARIABLE = YES;
				IPHONEOS_DEPLOYMENT_TARGET = 16.2;
				MTL_ENABLE_DEBUG_INFO = INCLUDE_SOURCE;
				MTL_FAST_MATH = YES;
				ONLY_ACTIVE_ARCH = YES;
				SDKROOT = iphoneos;
				SWIFT_ACTIVE_COMPILATION_CONDITIONS = DEBUG;
				SWIFT_OPTIMIZATION_LEVEL = "-Onone";
			};
			name = Debug;
		};
		4EE638FF2D929E4E001712A1 /* Release */ = {
			isa = XCBuildConfiguration;
			buildSettings = {
				ALWAYS_SEARCH_USER_PATHS = NO;
				CLANG_ANALYZER_NONNULL = YES;
				CLANG_ANALYZER_NUMBER_OBJECT_CONVERSION = YES_AGGRESSIVE;
				CLANG_CXX_LANGUAGE_STANDARD = "gnu++20";
				CLANG_ENABLE_MODULES = YES;
				CLANG_ENABLE_OBJC_ARC = YES;
				CLANG_ENABLE_OBJC_WEAK = YES;
				CLANG_WARN_BLOCK_CAPTURE_AUTORELEASING = YES;
				CLANG_WARN_BOOL_CONVERSION = YES;
				CLANG_WARN_COMMA = YES;
				CLANG_WARN_CONSTANT_CONVERSION = YES;
				CLANG_WARN_DEPRECATED_OBJC_IMPLEMENTATIONS = YES;
				CLANG_WARN_DIRECT_OBJC_ISA_USAGE = YES_ERROR;
				CLANG_WARN_DOCUMENTATION_COMMENTS = YES;
				CLANG_WARN_EMPTY_BODY = YES;
				CLANG_WARN_ENUM_CONVERSION = YES;
				CLANG_WARN_INFINITE_RECURSION = YES;
				CLANG_WARN_INT_CONVERSION = YES;
				CLANG_WARN_NON_LITERAL_NULL_CONVERSION = YES;
				CLANG_WARN_OBJC_IMPLICIT_RETAIN_SELF = YES;
				CLANG_WARN_OBJC_LITERAL_CONVERSION = YES;
				CLANG_WARN_OBJC_ROOT_CLASS = YES_ERROR;
				CLANG_WARN_QUOTED_INCLUDE_IN_FRAMEWORK_HEADER = YES;
				CLANG_WARN_RANGE_LOOP_ANALYSIS = YES;
				CLANG_WARN_STRICT_PROTOTYPES = YES;
				CLANG_WARN_SUSPICIOUS_MOVE = YES;
				CLANG_WARN_UNGUARDED_AVAILABILITY = YES_AGGRESSIVE;
				CLANG_WARN_UNREACHABLE_CODE = YES;
				CLANG_WARN__DUPLICATE_METHOD_MATCH = YES;
				COPY_PHASE_STRIP = NO;
				DEBUG_INFORMATION_FORMAT = "dwarf-with-dsym";
				ENABLE_NS_ASSERTIONS = NO;
				ENABLE_STRICT_OBJC_MSGSEND = YES;
				GCC_C_LANGUAGE_STANDARD = gnu11;
				GCC_NO_COMMON_BLOCKS = YES;
				GCC_WARN_64_TO_32_BIT_CONVERSION = YES;
				GCC_WARN_ABOUT_RETURN_TYPE = YES_ERROR;
				GCC_WARN_UNDECLARED_SELECTOR = YES;
				GCC_WARN_UNINITIALIZED_AUTOS = YES_AGGRESSIVE;
				GCC_WARN_UNUSED_FUNCTION = YES;
				GCC_WARN_UNUSED_VARIABLE = YES;
				IPHONEOS_DEPLOYMENT_TARGET = 16.2;
				MTL_ENABLE_DEBUG_INFO = NO;
				MTL_FAST_MATH = YES;
				SDKROOT = iphoneos;
				SWIFT_COMPILATION_MODE = wholemodule;
				SWIFT_OPTIMIZATION_LEVEL = "-O";
				VALIDATE_PRODUCT = YES;
			};
			name = Release;
		};
		4EE639012D929E4E001712A1 /* Debug */ = {
			isa = XCBuildConfiguration;
			buildSettings = {
				ASSETCATALOG_COMPILER_APPICON_NAME = AppIcon;
				ASSETCATALOG_COMPILER_GLOBAL_ACCENT_COLOR_NAME = AccentColor;
				CODE_SIGN_STYLE = Automatic;
				CURRENT_PROJECT_VERSION = 1;
				GENERATE_INFOPLIST_FILE = YES;
				INFOPLIST_FILE = WordGame/Info.plist;
				INFOPLIST_KEY_UIApplicationSupportsIndirectInputEvents = YES;
				INFOPLIST_KEY_UILaunchStoryboardName = LaunchScreen;
				INFOPLIST_KEY_UIMainStoryboardFile = Main;
				INFOPLIST_KEY_UISupportedInterfaceOrientations_iPad = "UIInterfaceOrientationPortrait UIInterfaceOrientationPortraitUpsideDown UIInterfaceOrientationLandscapeLeft UIInterfaceOrientationLandscapeRight";
				INFOPLIST_KEY_UISupportedInterfaceOrientations_iPhone = "UIInterfaceOrientationPortrait UIInterfaceOrientationLandscapeLeft UIInterfaceOrientationLandscapeRight";
				LD_RUNPATH_SEARCH_PATHS = (
					"$(inherited)",
					"@executable_path/Frameworks",
				);
				MARKETING_VERSION = 1.0;
				PRODUCT_BUNDLE_IDENTIFIER = com.yourprojekt.start.WordGame;
				PRODUCT_NAME = "$(TARGET_NAME)";
				SWIFT_EMIT_LOC_STRINGS = YES;
				SWIFT_VERSION = 5.0;
				TARGETED_DEVICE_FAMILY = "1,2";
			};
			name = Debug;
		};
		4EE639022D929E4E001712A1 /* Release */ = {
			isa = XCBuildConfiguration;
			buildSettings = {
				ASSETCATALOG_COMPILER_APPICON_NAME = AppIcon;
				ASSETCATALOG_COMPILER_GLOBAL_ACCENT_COLOR_NAME = AccentColor;
				CODE_SIGN_STYLE = Automatic;
				CURRENT_PROJECT_VERSION = 1;
				GENERATE_INFOPLIST_FILE = YES;
				INFOPLIST_FILE = WordGame/Info.plist;
				INFOPLIST_KEY_UIApplicationSupportsIndirectInputEvents = YES;
				INFOPLIST_KEY_UILaunchStoryboardName = LaunchScreen;
				INFOPLIST_KEY_UIMainStoryboardFile = Main;
				INFOPLIST_KEY_UISupportedInterfaceOrientations_iPad = "UIInterfaceOrientationPortrait UIInterfaceOrientationPortraitUpsideDown UIInterfaceOrientationLandscapeLeft UIInterfaceOrientationLandscapeRight";
				INFOPLIST_KEY_UISupportedInterfaceOrientations_iPhone = "UIInterfaceOrientationPortrait UIInterfaceOrientationLandscapeLeft UIInterfaceOrientationLandscapeRight";
				LD_RUNPATH_SEARCH_PATHS = (
					"$(inherited)",
					"@executable_path/Frameworks",
				);
				MARKETING_VERSION = 1.0;
				PRODUCT_BUNDLE_IDENTIFIER = com.yourprojekt.start.WordGame;
				PRODUCT_NAME = "$(TARGET_NAME)";
				SWIFT_EMIT_LOC_STRINGS = YES;
				SWIFT_VERSION = 5.0;
				TARGETED_DEVICE_FAMILY = "1,2";
			};
			name = Release;
		};
		4EE639042D929E4E001712A1 /* Debug */ = {
			isa = XCBuildConfiguration;
			buildSettings = {
				ALWAYS_EMBED_SWIFT_STANDARD_LIBRARIES = YES;
				BUNDLE_LOADER = "$(TEST_HOST)";
				CODE_SIGN_STYLE = Automatic;
				CURRENT_PROJECT_VERSION = 1;
				GENERATE_INFOPLIST_FILE = YES;
				IPHONEOS_DEPLOYMENT_TARGET = 16.2;
				MARKETING_VERSION = 1.0;
				PRODUCT_BUNDLE_IDENTIFIER = com.yourprojekt.start.WordGameTests;
				PRODUCT_NAME = "$(TARGET_NAME)";
				SWIFT_EMIT_LOC_STRINGS = NO;
				SWIFT_VERSION = 5.0;
				TARGETED_DEVICE_FAMILY = "1,2";
				TEST_HOST = "$(BUILT_PRODUCTS_DIR)/WordGame.app/$(BUNDLE_EXECUTABLE_FOLDER_PATH)/WordGame";
			};
			name = Debug;
		};
		4EE639052D929E4E001712A1 /* Release */ = {
			isa = XCBuildConfiguration;
			buildSettings = {
				ALWAYS_EMBED_SWIFT_STANDARD_LIBRARIES = YES;
				BUNDLE_LOADER = "$(TEST_HOST)";
				CODE_SIGN_STYLE = Automatic;
				CURRENT_PROJECT_VERSION = 1;
				GENERATE_INFOPLIST_FILE = YES;
				IPHONEOS_DEPLOYMENT_TARGET = 16.2;
				MARKETING_VERSION = 1.0;
				PRODUCT_BUNDLE_IDENTIFIER = com.yourprojekt.start.WordGameTests;
				PRODUCT_NAME = "$(TARGET_NAME)";
				SWIFT_EMIT_LOC_STRINGS = NO;
				SWIFT_VERSION = 5.0;
				TARGETED_DEVICE_FAMILY = "1,2";
				TEST_HOST = "$(BUILT_PRODUCTS_DIR)/WordGame.app/$(BUNDLE_EXECUTABLE_FOLDER_PATH)/WordGame";
			};
			name = Release;
		};
		4EE639072D929E4E001712A1 /* Debug */ = {
			isa = XCBuildConfiguration;
			buildSettings = {
				ALWAYS_EMBED_SWIFT_STANDARD_LIBRARIES = YES;
				CODE_SIGN_STYLE = Automatic;
				CURRENT_PROJECT_VERSION = 1;
				GENERATE_INFOPLIST_FILE = YES;
				MARKETING_VERSION = 1.0;
				PRODUCT_BUNDLE_IDENTIFIER = com.yourprojekt.start.WordGameUITests;
				PRODUCT_NAME = "$(TARGET_NAME)";
				SWIFT_EMIT_LOC_STRINGS = NO;
				SWIFT_VERSION = 5.0;
				TARGETED_DEVICE_FAMILY = "1,2";
				TEST_TARGET_NAME = WordGame;
			};
			name = Debug;
		};
		4EE639082D929E4E001712A1 /* Release */ = {
			isa = XCBuildConfiguration;
			buildSettings = {
				ALWAYS_EMBED_SWIFT_STANDARD_LIBRARIES = YES;
				CODE_SIGN_STYLE = Automatic;
				CURRENT_PROJECT_VERSION = 1;
				GENERATE_INFOPLIST_FILE = YES;
				MARKETING_VERSION = 1.0;
				PRODUCT_BUNDLE_IDENTIFIER = com.yourprojekt.start.WordGameUITests;
				PRODUCT_NAME = "$(TARGET_NAME)";
				SWIFT_EMIT_LOC_STRINGS = NO;
				SWIFT_VERSION = 5.0;
				TARGETED_DEVICE_FAMILY = "1,2";
				TEST_TARGET_NAME = WordGame;
			};
			name = Release;
		};
/* End XCBuildConfiguration section */

/* Begin XCConfigurationList section */
		4EE638D12D929E4A001712A1 /* Build configuration list for PBXProject "WordGame" */ = {
			isa = XCConfigurationList;
			buildConfigurations = (
				4EE638FE2D929E4E001712A1 /* Debug */,
				4EE638FF2D929E4E001712A1 /* Release */,
			);
			defaultConfigurationIsVisible = 0;
			defaultConfigurationName = Release;
		};
		4EE639002D929E4E001712A1 /* Build configuration list for PBXNativeTarget "WordGame" */ = {
			isa = XCConfigurationList;
			buildConfigurations = (
				4EE639012D929E4E001712A1 /* Debug */,
				4EE639022D929E4E001712A1 /* Release */,
			);
			defaultConfigurationIsVisible = 0;
			defaultConfigurationName = Release;
		};
		4EE639032D929E4E001712A1 /* Build configuration list for PBXNativeTarget "WordGameTests" */ = {
			isa = XCConfigurationList;
			buildConfigurations = (
				4EE639042D929E4E001712A1 /* Debug */,
				4EE639052D929E4E001712A1 /* Release */,
			);
			defaultConfigurationIsVisible = 0;
			defaultConfigurationName = Release;
		};
		4EE639062D929E4E001712A1 /* Build configuration list for PBXNativeTarget "WordGameUITests" */ = {
			isa = XCConfigurationList;
			buildConfigurations = (
				4EE639072D929E4E001712A1 /* Debug */,
				4EE639082D929E4E001712A1 /* Release */,
			);
			defaultConfigurationIsVisible = 0;
			defaultConfigurationName = Release;
		};
/* End XCConfigurationList section */
	};
	rootObject = 4EE638CE2D929E4A001712A1 /* Project object */;
}
